// !$*UTF8*$!
{
	archiveVersion = 1;
	classes = {
	};
	objectVersion = 46;
	objects = {

/* Begin PBXBuildFile section */
		2C13ED431E09C0B200A2C662 /* AppDelegate.swift in Sources */ = {isa = PBXBuildFile; fileRef = 2C13ED421E09C0B200A2C662 /* AppDelegate.swift */; };
		2C13ED481E09C0B200A2C662 /* Main.storyboard in Resources */ = {isa = PBXBuildFile; fileRef = 2C13ED461E09C0B200A2C662 /* Main.storyboard */; };
		2C13ED4B1E09C0B200A2C662 /* InDueTime.xcdatamodeld in Sources */ = {isa = PBXBuildFile; fileRef = 2C13ED491E09C0B200A2C662 /* InDueTime.xcdatamodeld */; };
		2C13ED4D1E09C0B200A2C662 /* Assets.xcassets in Resources */ = {isa = PBXBuildFile; fileRef = 2C13ED4C1E09C0B200A2C662 /* Assets.xcassets */; };
		2C13ED501E09C0B200A2C662 /* LaunchScreen.storyboard in Resources */ = {isa = PBXBuildFile; fileRef = 2C13ED4E1E09C0B200A2C662 /* LaunchScreen.storyboard */; };
		2C13ED5C1E09C84300A2C662 /* ToDoTableViewController.swift in Sources */ = {isa = PBXBuildFile; fileRef = 2C13ED5B1E09C84300A2C662 /* ToDoTableViewController.swift */; };
		2C13ED5E1E09CE0B00A2C662 /* checkbox-pressed.png in Resources */ = {isa = PBXBuildFile; fileRef = 2C13ED5D1E09CE0B00A2C662 /* checkbox-pressed.png */; };
		2C13ED601E09CE1400A2C662 /* checkbox.png in Resources */ = {isa = PBXBuildFile; fileRef = 2C13ED5F1E09CE1400A2C662 /* checkbox.png */; };
		2C13ED621E09CF9100A2C662 /* ThingsToDoTableViewCell.swift in Sources */ = {isa = PBXBuildFile; fileRef = 2C13ED611E09CF9100A2C662 /* ThingsToDoTableViewCell.swift */; };
		2C13ED641E09D35F00A2C662 /* ToDo.swift in Sources */ = {isa = PBXBuildFile; fileRef = 2C13ED631E09D35F00A2C662 /* ToDo.swift */; };
		2C13ED661E0A080900A2C662 /* ToDo + coreData properties.swift in Sources */ = {isa = PBXBuildFile; fileRef = 2C13ED651E0A080900A2C662 /* ToDo + coreData properties.swift */; };
/* End PBXBuildFile section */

/* Begin PBXFileReference section */
		2C13ED3F1E09C0B200A2C662 /* InDueTime.app */ = {isa = PBXFileReference; explicitFileType = wrapper.application; includeInIndex = 0; path = InDueTime.app; sourceTree = BUILT_PRODUCTS_DIR; };
		2C13ED421E09C0B200A2C662 /* AppDelegate.swift */ = {isa = PBXFileReference; lastKnownFileType = sourcecode.swift; path = AppDelegate.swift; sourceTree = "<group>"; };
		2C13ED471E09C0B200A2C662 /* Base */ = {isa = PBXFileReference; lastKnownFileType = file.storyboard; name = Base; path = Base.lproj/Main.storyboard; sourceTree = "<group>"; };
		2C13ED4A1E09C0B200A2C662 /* InDueTime.xcdatamodel */ = {isa = PBXFileReference; lastKnownFileType = wrapper.xcdatamodel; path = InDueTime.xcdatamodel; sourceTree = "<group>"; };
		2C13ED4C1E09C0B200A2C662 /* Assets.xcassets */ = {isa = PBXFileReference; lastKnownFileType = folder.assetcatalog; path = Assets.xcassets; sourceTree = "<group>"; };
		2C13ED4F1E09C0B200A2C662 /* Base */ = {isa = PBXFileReference; lastKnownFileType = file.storyboard; name = Base; path = Base.lproj/LaunchScreen.storyboard; sourceTree = "<group>"; };
		2C13ED511E09C0B200A2C662 /* Info.plist */ = {isa = PBXFileReference; lastKnownFileType = text.plist.xml; path = Info.plist; sourceTree = "<group>"; };
		2C13ED5B1E09C84300A2C662 /* ToDoTableViewController.swift */ = {isa = PBXFileReference; fileEncoding = 4; lastKnownFileType = sourcecode.swift; path = ToDoTableViewController.swift; sourceTree = "<group>"; };
		2C13ED5D1E09CE0B00A2C662 /* checkbox-pressed.png */ = {isa = PBXFileReference; lastKnownFileType = image.png; path = "checkbox-pressed.png"; sourceTree = "<group>"; };
		2C13ED5F1E09CE1400A2C662 /* checkbox.png */ = {isa = PBXFileReference; lastKnownFileType = image.png; path = checkbox.png; sourceTree = "<group>"; };
		2C13ED611E09CF9100A2C662 /* ThingsToDoTableViewCell.swift */ = {isa = PBXFileReference; fileEncoding = 4; lastKnownFileType = sourcecode.swift; path = ThingsToDoTableViewCell.swift; sourceTree = "<group>"; };
		2C13ED631E09D35F00A2C662 /* ToDo.swift */ = {isa = PBXFileReference; fileEncoding = 4; lastKnownFileType = sourcecode.swift; path = ToDo.swift; sourceTree = "<group>"; };
		2C13ED651E0A080900A2C662 /* ToDo + coreData properties.swift */ = {isa = PBXFileReference; fileEncoding = 4; lastKnownFileType = sourcecode.swift; path = "ToDo + coreData properties.swift"; sourceTree = "<group>"; };
/* End PBXFileReference section */

/* Begin PBXFrameworksBuildPhase section */
		2C13ED3C1E09C0B200A2C662 /* Frameworks */ = {
			isa = PBXFrameworksBuildPhase;
			buildActionMask = 2147483647;
			files = (
			);
			runOnlyForDeploymentPostprocessing = 0;
		};
/* End PBXFrameworksBuildPhase section */

/* Begin PBXGroup section */
		2C13ED361E09C0B200A2C662 = {
			isa = PBXGroup;
			children = (
				2C13ED411E09C0B200A2C662 /* InDueTime */,
				2C13ED401E09C0B200A2C662 /* Products */,
			);
			sourceTree = "<group>";
		};
		2C13ED401E09C0B200A2C662 /* Products */ = {
			isa = PBXGroup;
			children = (
				2C13ED3F1E09C0B200A2C662 /* InDueTime.app */,
			);
			name = Products;
			sourceTree = "<group>";
		};
		2C13ED411E09C0B200A2C662 /* InDueTime */ = {
			isa = PBXGroup;
			children = (
				2C13ED421E09C0B200A2C662 /* AppDelegate.swift */,
				2C13ED611E09CF9100A2C662 /* ThingsToDoTableViewCell.swift */,
				2C13ED5B1E09C84300A2C662 /* ToDoTableViewController.swift */,
				2C13ED461E09C0B200A2C662 /* Main.storyboard */,
				2C13ED491E09C0B200A2C662 /* InDueTime.xcdatamodeld */,
				2C13ED631E09D35F00A2C662 /* ToDo.swift */,
				2C13ED651E0A080900A2C662 /* ToDo + coreData properties.swift */,
				2C13ED4E1E09C0B200A2C662 /* LaunchScreen.storyboard */,
				2C13ED4C1E09C0B200A2C662 /* Assets.xcassets */,
				2C13ED511E09C0B200A2C662 /* Info.plist */,
				2C13ED5F1E09CE1400A2C662 /* checkbox.png */,
				2C13ED5D1E09CE0B00A2C662 /* checkbox-pressed.png */,
			);
			path = InDueTime;
			sourceTree = "<group>";
		};
/* End PBXGroup section */

/* Begin PBXNativeTarget section */
		2C13ED3E1E09C0B200A2C662 /* InDueTime */ = {
			isa = PBXNativeTarget;
			buildConfigurationList = 2C13ED541E09C0B200A2C662 /* Build configuration list for PBXNativeTarget "InDueTime" */;
			buildPhases = (
				2C13ED3B1E09C0B200A2C662 /* Sources */,
				2C13ED3C1E09C0B200A2C662 /* Frameworks */,
				2C13ED3D1E09C0B200A2C662 /* Resources */,
			);
			buildRules = (
			);
			dependencies = (
			);
			name = InDueTime;
			productName = InDueTime;
			productReference = 2C13ED3F1E09C0B200A2C662 /* InDueTime.app */;
			productType = "com.apple.product-type.application";
		};
/* End PBXNativeTarget section */

/* Begin PBXProject section */
		2C13ED371E09C0B200A2C662 /* Project object */ = {
			isa = PBXProject;
			attributes = {
				LastSwiftUpdateCheck = 0820;
				LastUpgradeCheck = 0820;
				ORGANIZATIONNAME = "The Iron Yard";
				TargetAttributes = {
					2C13ED3E1E09C0B200A2C662 = {
						CreatedOnToolsVersion = 8.2;
						ProvisioningStyle = Automatic;
					};
				};
			};
			buildConfigurationList = 2C13ED3A1E09C0B200A2C662 /* Build configuration list for PBXProject "InDueTime" */;
			compatibilityVersion = "Xcode 3.2";
			developmentRegion = English;
			hasScannedForEncodings = 0;
			knownRegions = (
				en,
				Base,
			);
			mainGroup = 2C13ED361E09C0B200A2C662;
			productRefGroup = 2C13ED401E09C0B200A2C662 /* Products */;
			projectDirPath = "";
			projectRoot = "";
			targets = (
				2C13ED3E1E09C0B200A2C662 /* InDueTime */,
			);
		};
/* End PBXProject section */

/* Begin PBXResourcesBuildPhase section */
		2C13ED3D1E09C0B200A2C662 /* Resources */ = {
			isa = PBXResourcesBuildPhase;
			buildActionMask = 2147483647;
			files = (
				2C13ED601E09CE1400A2C662 /* checkbox.png in Resources */,
				2C13ED501E09C0B200A2C662 /* LaunchScreen.storyboard in Resources */,
				2C13ED5E1E09CE0B00A2C662 /* checkbox-pressed.png in Resources */,
				2C13ED4D1E09C0B200A2C662 /* Assets.xcassets in Resources */,
				2C13ED481E09C0B200A2C662 /* Main.storyboard in Resources */,
			);
			runOnlyForDeploymentPostprocessing = 0;
		};
/* End PBXResourcesBuildPhase section */

/* Begin PBXSourcesBuildPhase section */
		2C13ED3B1E09C0B200A2C662 /* Sources */ = {
			isa = PBXSourcesBuildPhase;
			buildActionMask = 2147483647;
			files = (
				2C13ED4B1E09C0B200A2C662 /* InDueTime.xcdatamodeld in Sources */,
				2C13ED641E09D35F00A2C662 /* ToDo.swift in Sources */,
				2C13ED5C1E09C84300A2C662 /* ToDoTableViewController.swift in Sources */,
				2C13ED621E09CF9100A2C662 /* ThingsToDoTableViewCell.swift in Sources */,
				2C13ED661E0A080900A2C662 /* ToDo + coreData properties.swift in Sources */,
				2C13ED431E09C0B200A2C662 /* AppDelegate.swift in Sources */,
			);
			runOnlyForDeploymentPostprocessing = 0;
		};
/* End PBXSourcesBuildPhase section */

/* Begin PBXVariantGroup section */
		2C13ED461E09C0B200A2C662 /* Main.storyboard */ = {
			isa = PBXVariantGroup;
			children = (
				2C13ED471E09C0B200A2C662 /* Base */,
			);
			name = Main.storyboard;
			sourceTree = "<group>";
		};
		2C13ED4E1E09C0B200A2C662 /* LaunchScreen.storyboard */ = {
			isa = PBXVariantGroup;
			children = (
				2C13ED4F1E09C0B200A2C662 /* Base */,
			);
			name = LaunchScreen.storyboard;
			sourceTree = "<group>";
		};
/* End PBXVariantGroup section */

/* Begin XCBuildConfiguration section */
		2C13ED521E09C0B200A2C662 /* Debug */ = {
			isa = XCBuildConfiguration;
			buildSettings = {
				ALWAYS_SEARCH_USER_PATHS = NO;
				CLANG_ANALYZER_NONNULL = YES;
				CLANG_CXX_LANGUAGE_STANDARD = "gnu++0x";
				CLANG_CXX_LIBRARY = "libc++";
				CLANG_ENABLE_MODULES = YES;
				CLANG_ENABLE_OBJC_ARC = YES;
				CLANG_WARN_BOOL_CONVERSION = YES;
				CLANG_WARN_CONSTANT_CONVERSION = YES;
				CLANG_WARN_DIRECT_OBJC_ISA_USAGE = YES_ERROR;
				CLANG_WARN_DOCUMENTATION_COMMENTS = YES;
				CLANG_WARN_EMPTY_BODY = YES;
				CLANG_WARN_ENUM_CONVERSION = YES;
				CLANG_WARN_INFINITE_RECURSION = YES;
				CLANG_WARN_INT_CONVERSION = YES;
				CLANG_WARN_OBJC_ROOT_CLASS = YES_ERROR;
				CLANG_WARN_SUSPICIOUS_MOVE = YES;
				CLANG_WARN_UNREACHABLE_CODE = YES;
				CLANG_WARN__DUPLICATE_METHOD_MATCH = YES;
				"CODE_SIGN_IDENTITY[sdk=iphoneos*]" = "iPhone Developer";
				COPY_PHASE_STRIP = NO;
				DEBUG_INFORMATION_FORMAT = dwarf;
				ENABLE_STRICT_OBJC_MSGSEND = YES;
				ENABLE_TESTABILITY = YES;
				GCC_C_LANGUAGE_STANDARD = gnu99;
				GCC_DYNAMIC_NO_PIC = NO;
				GCC_NO_COMMON_BLOCKS = YES;
				GCC_OPTIMIZATION_LEVEL = 0;
				GCC_PREPROCESSOR_DEFINITIONS = (
					"DEBUG=1",
					"$(inherited)",
				);
				GCC_WARN_64_TO_32_BIT_CONVERSION = YES;
				GCC_WARN_ABOUT_RETURN_TYPE = YES_ERROR;
				GCC_WARN_UNDECLARED_SELECTOR = YES;
				GCC_WARN_UNINITIALIZED_AUTOS = YES_AGGRESSIVE;
				GCC_WARN_UNUSED_FUNCTION = YES;
				GCC_WARN_UNUSED_VARIABLE = YES;
				IPHONEOS_DEPLOYMENT_TARGET = 10.2;
				MTL_ENABLE_DEBUG_INFO = YES;
				ONLY_ACTIVE_ARCH = YES;
				SDKROOT = iphoneos;
				SWIFT_ACTIVE_COMPILATION_CONDITIONS = DEBUG;
				SWIFT_OPTIMIZATION_LEVEL = "-Onone";
			};
			name = Debug;
		};
		2C13ED531E09C0B200A2C662 /* Release */ = {
			isa = XCBuildConfiguration;
			buildSettings = {
				ALWAYS_SEARCH_USER_PATHS = NO;
				CLANG_ANALYZER_NONNULL = YES;
				CLANG_CXX_LANGUAGE_STANDARD = "gnu++0x";
				CLANG_CXX_LIBRARY = "libc++";
				CLANG_ENABLE_MODULES = YES;
				CLANG_ENABLE_OBJC_ARC = YES;
				CLANG_WARN_BOOL_CONVERSION = YES;
				CLANG_WARN_CONSTANT_CONVERSION = YES;
				CLANG_WARN_DIRECT_OBJC_ISA_USAGE = YES_ERROR;
				CLANG_WARN_DOCUMENTATION_COMMENTS = YES;
				CLANG_WARN_EMPTY_BODY = YES;
				CLANG_WARN_ENUM_CONVERSION = YES;
				CLANG_WARN_INFINITE_RECURSION = YES;
				CLANG_WARN_INT_CONVERSION = YES;
				CLANG_WARN_OBJC_ROOT_CLASS = YES_ERROR;
				CLANG_WARN_SUSPICIOUS_MOVE = YES;
				CLANG_WARN_UNREACHABLE_CODE = YES;
				CLANG_WARN__DUPLICATE_METHOD_MATCH = YES;
				"CODE_SIGN_IDENTITY[sdk=iphoneos*]" = "iPhone Developer";
				COPY_PHASE_STRIP = NO;
				DEBUG_INFORMATION_FORMAT = "dwarf-with-dsym";
				ENABLE_NS_ASSERTIONS = NO;
				ENABLE_STRICT_OBJC_MSGSEND = YES;
				GCC_C_LANGUAGE_STANDARD = gnu99;
				GCC_NO_COMMON_BLOCKS = YES;
				GCC_WARN_64_TO_32_BIT_CONVERSION = YES;
				GCC_WARN_ABOUT_RETURN_TYPE = YES_ERROR;
				GCC_WARN_UNDECLARED_SELECTOR = YES;
				GCC_WARN_UNINITIALIZED_AUTOS = YES_AGGRESSIVE;
				GCC_WARN_UNUSED_FUNCTION = YES;
				GCC_WARN_UNUSED_VARIABLE = YES;
				IPHONEOS_DEPLOYMENT_TARGET = 10.2;
				MTL_ENABLE_DEBUG_INFO = NO;
				SDKROOT = iphoneos;
				SWIFT_OPTIMIZATION_LEVEL = "-Owholemodule";
				VALIDATE_PRODUCT = YES;
			};
			name = Release;
		};
		2C13ED551E09C0B200A2C662 /* Debug */ = {
			isa = XCBuildConfiguration;
			buildSettings = {
				ASSETCATALOG_COMPILER_APPICON_NAME = AppIcon;
				INFOPLIST_FILE = InDueTime/Info.plist;
				LD_RUNPATH_SEARCH_PATHS = "$(inherited) @executable_path/Frameworks";
				PRODUCT_BUNDLE_IDENTIFIER = com.tiy.InDueTime;
				PRODUCT_NAME = "$(TARGET_NAME)";
				SWIFT_VERSION = 3.0;
			};
			name = Debug;
		};
		2C13ED561E09C0B200A2C662 /* Release */ = {
			isa = XCBuildConfiguration;
			buildSettings = {
				ASSETCATALOG_COMPILER_APPICON_NAME = AppIcon;
				INFOPLIST_FILE = InDueTime/Info.plist;
				LD_RUNPATH_SEARCH_PATHS = "$(inherited) @executable_path/Frameworks";
				PRODUCT_BUNDLE_IDENTIFIER = com.tiy.InDueTime;
				PRODUCT_NAME = "$(TARGET_NAME)";
				SWIFT_VERSION = 3.0;
			};
			name = Release;
		};
/* End XCBuildConfiguration section */

/* Begin XCConfigurationList section */
		2C13ED3A1E09C0B200A2C662 /* Build configuration list for PBXProject "InDueTime" */ = {
			isa = XCConfigurationList;
			buildConfigurations = (
				2C13ED521E09C0B200A2C662 /* Debug */,
				2C13ED531E09C0B200A2C662 /* Release */,
			);
			defaultConfigurationIsVisible = 0;
			defaultConfigurationName = Release;
		};
		2C13ED541E09C0B200A2C662 /* Build configuration list for PBXNativeTarget "InDueTime" */ = {
			isa = XCConfigurationList;
			buildConfigurations = (
				2C13ED551E09C0B200A2C662 /* Debug */,
				2C13ED561E09C0B200A2C662 /* Release */,
			);
			defaultConfigurationIsVisible = 0;
		};
/* End XCConfigurationList section */

/* Begin XCVersionGroup section */
		2C13ED491E09C0B200A2C662 /* InDueTime.xcdatamodeld */ = {
			isa = XCVersionGroup;
			children = (
				2C13ED4A1E09C0B200A2C662 /* InDueTime.xcdatamodel */,
			);
			currentVersion = 2C13ED4A1E09C0B200A2C662 /* InDueTime.xcdatamodel */;
			path = InDueTime.xcdatamodeld;
			sourceTree = "<group>";
			versionGroupType = wrapper.xcdatamodel;
		};
/* End XCVersionGroup section */
	};
	rootObject = 2C13ED371E09C0B200A2C662 /* Project object */;
}
